{
  "name": "jss-css-loader",
  "version": "0.0.1",
  "lockfileVersion": 1,
  "requires": true,
  "dependencies": {
    "cssom": {
      "version": "0.3.2",
      "resolved": "https://registry.npmjs.org/cssom/-/cssom-0.3.2.tgz",
      "integrity": "sha1-uANhcMefB6kP8vFuIihAJ6JDhIs=",
      "dev": true
    },
    "jss-css": {
      "version": "3.0.0",
      "resolved": "https://registry.npmjs.org/jss-css/-/jss-css-3.0.0.tgz",
      "integrity": "sha1-5RSu1fMf9zZJMN/PWaRahI05V6M=",
      "dev": true,
      "requires": {
        "cssom": "0.3.2",
        "lodash": "4.17.5"
      }
    },
    "lodash": {
      "version": "4.17.5",
      "resolved": "https://registry.npmjs.org/lodash/-/lodash-4.17.5.tgz",
      "integrity": "sha512-svL3uiZf1RwhH+cWrfZn3A4+U58wbP0tGVTLQPbjplZxZ8ROD9VLuNgsRniTlLe7OlSqR79RUehXgpBW/s0IQw==",
      "dev": true
    }
  }
}
